
Microsoft Visual Studio Solution File, Format Version 12.00
# Visual Studio Version 17
VisualStudioVersion = 17.4.33110.190
MinimumVisualStudioVersion = 10.0.40219.1
Project("{FAE04EC0-301F-11D3-BF4B-00C04F79EFBC}") = "ConsoleApp25", "ConsoleApp25\ConsoleApp25.csproj", "{C11678D9-0CC5-48F1-BE0A-91782DA316FD}"
EndProject
Global
	GlobalSection(SolutionConfigurationPlatforms) = preSolution
		Debug|Any CPU = Debug|Any CPU
		Release|Any CPU = Release|Any CPU
	EndGlobalSection
	GlobalSection(ProjectConfigurationPlatforms) = postSolution
		{C11678D9-0CC5-48F1-BE0A-91782DA316FD}.Debug|Any CPU.ActiveCfg = Debug|Any CPU
		{C11678D9-0CC5-48F1-BE0A-91782DA316FD}.Debug|Any CPU.Build.0 = Debug|Any CPU
		{C11678D9-0CC5-48F1-BE0A-91782DA316FD}.Release|Any CPU.ActiveCfg = Release|Any CPU
		{C11678D9-0CC5-48F1-BE0A-91782DA316FD}.Release|Any CPU.Build.0 = Release|Any CPU
	EndGlobalSection
	GlobalSection(SolutionProperties) = preSolution
		HideSolutionNode = FALSE
	EndGlobalSection
	GlobalSection(ExtensibilityGlobals) = postSolution
		SolutionGuid = {88B7B6CE-5F97-4099-88CB-49A9F6C069B5}
	EndGlobalSection
EndGlobal
